// !$*UTF8*$!
{
	archiveVersion = 1;
	classes = {
	};
	objectVersion = 46;
	objects = {

/* Begin PBXBuildFile section */
		5778A5541C2546A40019FF99 /* Mustache.framework in Frameworks */ = {isa = PBXBuildFile; fileRef = 5778A5531C2546A40019FF99 /* Mustache.framework */; };
		5778A5551C2546C70019FF99 /* Mustache.framework in Frameworks */ = {isa = PBXBuildFile; fileRef = 5778A5531C2546A40019FF99 /* Mustache.framework */; };
		5778A5561C2546C70019FF99 /* Mustache.framework in Embed Frameworks */ = {isa = PBXBuildFile; fileRef = 5778A5531C2546A40019FF99 /* Mustache.framework */; settings = {ATTRIBUTES = (CodeSignOnCopy, RemoveHeadersOnCopy, ); }; };
		5778A5581C2546E70019FF99 /* Mustache.framework.dSYM in CopyFiles */ = {isa = PBXBuildFile; fileRef = 5778A5571C2546E70019FF99 /* Mustache.framework.dSYM */; };
		5778A55B1C259D960019FF99 /* layout.mustache in Resources */ = {isa = PBXBuildFile; fileRef = 5778A55A1C259D960019FF99 /* layout.mustache */; };
		5778A55D1C259DA20019FF99 /* tweet.mustache in Resources */ = {isa = PBXBuildFile; fileRef = 5778A55C1C259DA20019FF99 /* tweet.mustache */; };
		5778A56C1C2664E10019FF99 /* bootstrap.min.css in Resources */ = {isa = PBXBuildFile; fileRef = 5778A5631C2664E10019FF99 /* bootstrap.min.css */; };
		5778A56D1C2664E10019FF99 /* glyphicons-halflings-regular.eot in Resources */ = {isa = PBXBuildFile; fileRef = 5778A5651C2664E10019FF99 /* glyphicons-halflings-regular.eot */; };
		5778A56E1C2664E10019FF99 /* glyphicons-halflings-regular.svg in Resources */ = {isa = PBXBuildFile; fileRef = 5778A5661C2664E10019FF99 /* glyphicons-halflings-regular.svg */; };
		5778A56F1C2664E10019FF99 /* glyphicons-halflings-regular.ttf in Resources */ = {isa = PBXBuildFile; fileRef = 5778A5671C2664E10019FF99 /* glyphicons-halflings-regular.ttf */; };
		5778A5701C2664E10019FF99 /* glyphicons-halflings-regular.woff in Resources */ = {isa = PBXBuildFile; fileRef = 5778A5681C2664E10019FF99 /* glyphicons-halflings-regular.woff */; };
		5778A5711C2664E10019FF99 /* glyphicons-halflings-regular.woff2 in Resources */ = {isa = PBXBuildFile; fileRef = 5778A5691C2664E10019FF99 /* glyphicons-halflings-regular.woff2 */; };
		5778A5721C2664E10019FF99 /* bootstrap.min.js in Resources */ = {isa = PBXBuildFile; fileRef = 5778A56B1C2664E10019FF99 /* bootstrap.min.js */; };
		5794F3881C1D75A100C7AC4C /* Twitter.swift in Sources */ = {isa = PBXBuildFile; fileRef = 5794F3871C1D75A100C7AC4C /* Twitter.swift */; };
		5794F38A1C1D761D00C7AC4C /* TwitterAccountStore.swift in Sources */ = {isa = PBXBuildFile; fileRef = 5794F3891C1D761D00C7AC4C /* TwitterAccountStore.swift */; };
		5794F38C1C1D905600C7AC4C /* TwitterRequest.swift in Sources */ = {isa = PBXBuildFile; fileRef = 5794F38B1C1D905600C7AC4C /* TwitterRequest.swift */; };
		5794F38E1C1D908A00C7AC4C /* GetHomeTimeline.swift in Sources */ = {isa = PBXBuildFile; fileRef = 5794F38D1C1D908A00C7AC4C /* GetHomeTimeline.swift */; };
		5794F3941C1DB97100C7AC4C /* Tweet.swift in Sources */ = {isa = PBXBuildFile; fileRef = 5794F3931C1DB97100C7AC4C /* Tweet.swift */; };
		57AF6E9E1C19C12100406A25 /* AppDelegate.swift in Sources */ = {isa = PBXBuildFile; fileRef = 57AF6E9D1C19C12100406A25 /* AppDelegate.swift */; };
		57AF6EA01C19C12100406A25 /* ViewController.swift in Sources */ = {isa = PBXBuildFile; fileRef = 57AF6E9F1C19C12100406A25 /* ViewController.swift */; };
		57AF6EA21C19C12100406A25 /* Assets.xcassets in Resources */ = {isa = PBXBuildFile; fileRef = 57AF6EA11C19C12100406A25 /* Assets.xcassets */; };
		57AF6EA51C19C12100406A25 /* Main.storyboard in Resources */ = {isa = PBXBuildFile; fileRef = 57AF6EA31C19C12100406A25 /* Main.storyboard */; };
		57AF6EB01C19D32B00406A25 /* APIKit.framework in Frameworks */ = {isa = PBXBuildFile; fileRef = 57AF6EAC1C19D32B00406A25 /* APIKit.framework */; };
		57AF6EB11C19D32B00406A25 /* APIKit.framework in Embed Frameworks */ = {isa = PBXBuildFile; fileRef = 57AF6EAC1C19D32B00406A25 /* APIKit.framework */; settings = {ATTRIBUTES = (CodeSignOnCopy, RemoveHeadersOnCopy, ); }; };
		57AF6EB21C19D32B00406A25 /* Himotoki.framework in Frameworks */ = {isa = PBXBuildFile; fileRef = 57AF6EAD1C19D32B00406A25 /* Himotoki.framework */; };
		57AF6EB31C19D32B00406A25 /* Himotoki.framework in Embed Frameworks */ = {isa = PBXBuildFile; fileRef = 57AF6EAD1C19D32B00406A25 /* Himotoki.framework */; settings = {ATTRIBUTES = (CodeSignOnCopy, RemoveHeadersOnCopy, ); }; };
		57AF6EB41C19D32B00406A25 /* OAuthSwift.framework in Frameworks */ = {isa = PBXBuildFile; fileRef = 57AF6EAE1C19D32B00406A25 /* OAuthSwift.framework */; };
		57AF6EB51C19D32B00406A25 /* OAuthSwift.framework in Embed Frameworks */ = {isa = PBXBuildFile; fileRef = 57AF6EAE1C19D32B00406A25 /* OAuthSwift.framework */; settings = {ATTRIBUTES = (CodeSignOnCopy, RemoveHeadersOnCopy, ); }; };
		57AF6EB61C19D32B00406A25 /* Result.framework in Frameworks */ = {isa = PBXBuildFile; fileRef = 57AF6EAF1C19D32B00406A25 /* Result.framework */; };
		57AF6EB71C19D32B00406A25 /* Result.framework in Embed Frameworks */ = {isa = PBXBuildFile; fileRef = 57AF6EAF1C19D32B00406A25 /* Result.framework */; settings = {ATTRIBUTES = (CodeSignOnCopy, RemoveHeadersOnCopy, ); }; };
		57AF6EBF1C19D3AA00406A25 /* APIKit.framework.dSYM in CopyFiles */ = {isa = PBXBuildFile; fileRef = 57AF6EBB1C19D3AA00406A25 /* APIKit.framework.dSYM */; };
		57AF6EC01C19D3AA00406A25 /* Himotoki.framework.dSYM in CopyFiles */ = {isa = PBXBuildFile; fileRef = 57AF6EBC1C19D3AA00406A25 /* Himotoki.framework.dSYM */; };
		57AF6EC11C19D3AA00406A25 /* OAuthSwift.framework.dSYM in CopyFiles */ = {isa = PBXBuildFile; fileRef = 57AF6EBD1C19D3AA00406A25 /* OAuthSwift.framework.dSYM */; };
		57AF6EC21C19D3AA00406A25 /* Result.framework.dSYM in CopyFiles */ = {isa = PBXBuildFile; fileRef = 57AF6EBE1C19D3AA00406A25 /* Result.framework.dSYM */; };
		57C0FA0E1C251AAD00D8D522 /* TwitterAccount.swift in Sources */ = {isa = PBXBuildFile; fileRef = 57C0FA0D1C251AAD00D8D522 /* TwitterAccount.swift */; };
		57C0FA111C251C3D00D8D522 /* KeychainAccess.framework in Frameworks */ = {isa = PBXBuildFile; fileRef = 57C0FA0F1C251C2800D8D522 /* KeychainAccess.framework */; };
		57C0FA121C251C3D00D8D522 /* KeychainAccess.framework in Embed Frameworks */ = {isa = PBXBuildFile; fileRef = 57C0FA0F1C251C2800D8D522 /* KeychainAccess.framework */; settings = {ATTRIBUTES = (CodeSignOnCopy, RemoveHeadersOnCopy, ); }; };
		57C0FA151C251C7500D8D522 /* KeychainAccess.framework.dSYM in CopyFiles */ = {isa = PBXBuildFile; fileRef = 57C0FA141C251C7500D8D522 /* KeychainAccess.framework.dSYM */; };
		57C58F051C1F06B400840B56 /* GetUserTimeline.swift in Sources */ = {isa = PBXBuildFile; fileRef = 57C58F041C1F06B400840B56 /* GetUserTimeline.swift */; };
		7FEB68A21C210F02005DF5F2 /* TwitterAuthViewController.swift in Sources */ = {isa = PBXBuildFile; fileRef = 7FEB68A11C210F02005DF5F2 /* TwitterAuthViewController.swift */; };
		7FEB68A41C211035005DF5F2 /* TwitterTokens.swift in Sources */ = {isa = PBXBuildFile; fileRef = 7FEB68A31C211035005DF5F2 /* TwitterTokens.swift */; };
/* End PBXBuildFile section */

/* Begin PBXCopyFilesBuildPhase section */
		57AF6EB81C19D32B00406A25 /* Embed Frameworks */ = {
			isa = PBXCopyFilesBuildPhase;
			buildActionMask = 2147483647;
			dstPath = "";
			dstSubfolderSpec = 10;
			files = (
				57AF6EB31C19D32B00406A25 /* Himotoki.framework in Embed Frameworks */,
				57AF6EB11C19D32B00406A25 /* APIKit.framework in Embed Frameworks */,
				57AF6EB51C19D32B00406A25 /* OAuthSwift.framework in Embed Frameworks */,
				57AF6EB71C19D32B00406A25 /* Result.framework in Embed Frameworks */,
				5778A5561C2546C70019FF99 /* Mustache.framework in Embed Frameworks */,
				57C0FA121C251C3D00D8D522 /* KeychainAccess.framework in Embed Frameworks */,
			);
			name = "Embed Frameworks";
			runOnlyForDeploymentPostprocessing = 0;
		};
		57AF6EBA1C19D37700406A25 /* CopyFiles */ = {
			isa = PBXCopyFilesBuildPhase;
			buildActionMask = 2147483647;
			dstPath = "";
			dstSubfolderSpec = 16;
			files = (
				5778A5581C2546E70019FF99 /* Mustache.framework.dSYM in CopyFiles */,
				57C0FA151C251C7500D8D522 /* KeychainAccess.framework.dSYM in CopyFiles */,
				57AF6EBF1C19D3AA00406A25 /* APIKit.framework.dSYM in CopyFiles */,
				57AF6EC01C19D3AA00406A25 /* Himotoki.framework.dSYM in CopyFiles */,
				57AF6EC11C19D3AA00406A25 /* OAuthSwift.framework.dSYM in CopyFiles */,
				57AF6EC21C19D3AA00406A25 /* Result.framework.dSYM in CopyFiles */,
			);
			runOnlyForDeploymentPostprocessing = 0;
		};
/* End PBXCopyFilesBuildPhase section */

/* Begin PBXFileReference section */
		5778A5531C2546A40019FF99 /* Mustache.framework */ = {isa = PBXFileReference; lastKnownFileType = wrapper.framework; name = Mustache.framework; path = ../Carthage/Build/Mac/Mustache.framework; sourceTree = "<group>"; };
		5778A5571C2546E70019FF99 /* Mustache.framework.dSYM */ = {isa = PBXFileReference; lastKnownFileType = wrapper.dsym; name = Mustache.framework.dSYM; path = ../Carthage/Build/Mac/Mustache.framework.dSYM; sourceTree = "<group>"; };
		5778A55A1C259D960019FF99 /* layout.mustache */ = {isa = PBXFileReference; fileEncoding = 4; lastKnownFileType = text; path = layout.mustache; sourceTree = "<group>"; };
		5778A55C1C259DA20019FF99 /* tweet.mustache */ = {isa = PBXFileReference; fileEncoding = 4; lastKnownFileType = text; path = tweet.mustache; sourceTree = "<group>"; };
		5778A5631C2664E10019FF99 /* bootstrap.min.css */ = {isa = PBXFileReference; fileEncoding = 4; lastKnownFileType = text.css; path = bootstrap.min.css; sourceTree = "<group>"; };
		5778A5651C2664E10019FF99 /* glyphicons-halflings-regular.eot */ = {isa = PBXFileReference; lastKnownFileType = file; path = "glyphicons-halflings-regular.eot"; sourceTree = "<group>"; };
		5778A5661C2664E10019FF99 /* glyphicons-halflings-regular.svg */ = {isa = PBXFileReference; fileEncoding = 4; lastKnownFileType = text.xml; path = "glyphicons-halflings-regular.svg"; sourceTree = "<group>"; };
		5778A5671C2664E10019FF99 /* glyphicons-halflings-regular.ttf */ = {isa = PBXFileReference; lastKnownFileType = file; path = "glyphicons-halflings-regular.ttf"; sourceTree = "<group>"; };
		5778A5681C2664E10019FF99 /* glyphicons-halflings-regular.woff */ = {isa = PBXFileReference; lastKnownFileType = file; path = "glyphicons-halflings-regular.woff"; sourceTree = "<group>"; };
		5778A5691C2664E10019FF99 /* glyphicons-halflings-regular.woff2 */ = {isa = PBXFileReference; lastKnownFileType = file; path = "glyphicons-halflings-regular.woff2"; sourceTree = "<group>"; };
		5778A56B1C2664E10019FF99 /* bootstrap.min.js */ = {isa = PBXFileReference; fileEncoding = 4; lastKnownFileType = sourcecode.javascript; path = bootstrap.min.js; sourceTree = "<group>"; };
		5794F3871C1D75A100C7AC4C /* Twitter.swift */ = {isa = PBXFileReference; fileEncoding = 4; lastKnownFileType = sourcecode.swift; path = Twitter.swift; sourceTree = "<group>"; };
		5794F3891C1D761D00C7AC4C /* TwitterAccountStore.swift */ = {isa = PBXFileReference; fileEncoding = 4; lastKnownFileType = sourcecode.swift; path = TwitterAccountStore.swift; sourceTree = "<group>"; };
		5794F38B1C1D905600C7AC4C /* TwitterRequest.swift */ = {isa = PBXFileReference; fileEncoding = 4; lastKnownFileType = sourcecode.swift; path = TwitterRequest.swift; sourceTree = "<group>"; };
		5794F38D1C1D908A00C7AC4C /* GetHomeTimeline.swift */ = {isa = PBXFileReference; fileEncoding = 4; lastKnownFileType = sourcecode.swift; name = GetHomeTimeline.swift; path = API/GetHomeTimeline.swift; sourceTree = "<group>"; };
		5794F3931C1DB97100C7AC4C /* Tweet.swift */ = {isa = PBXFileReference; fileEncoding = 4; lastKnownFileType = sourcecode.swift; path = Tweet.swift; sourceTree = "<group>"; };
		57AF6E9A1C19C12100406A25 /* Buri.app */ = {isa = PBXFileReference; explicitFileType = wrapper.application; includeInIndex = 0; path = Buri.app; sourceTree = BUILT_PRODUCTS_DIR; };
		57AF6E9D1C19C12100406A25 /* AppDelegate.swift */ = {isa = PBXFileReference; lastKnownFileType = sourcecode.swift; path = AppDelegate.swift; sourceTree = "<group>"; };
		57AF6E9F1C19C12100406A25 /* ViewController.swift */ = {isa = PBXFileReference; lastKnownFileType = sourcecode.swift; path = ViewController.swift; sourceTree = "<group>"; };
		57AF6EA11C19C12100406A25 /* Assets.xcassets */ = {isa = PBXFileReference; lastKnownFileType = folder.assetcatalog; path = Assets.xcassets; sourceTree = "<group>"; };
		57AF6EA41C19C12100406A25 /* Base */ = {isa = PBXFileReference; lastKnownFileType = file.storyboard; name = Base; path = Base.lproj/Main.storyboard; sourceTree = "<group>"; };
		57AF6EA61C19C12100406A25 /* Info.plist */ = {isa = PBXFileReference; lastKnownFileType = text.plist.xml; path = Info.plist; sourceTree = "<group>"; };
		57AF6EAC1C19D32B00406A25 /* APIKit.framework */ = {isa = PBXFileReference; lastKnownFileType = wrapper.framework; name = APIKit.framework; path = ../Carthage/Build/Mac/APIKit.framework; sourceTree = "<group>"; };
		57AF6EAD1C19D32B00406A25 /* Himotoki.framework */ = {isa = PBXFileReference; lastKnownFileType = wrapper.framework; name = Himotoki.framework; path = ../Carthage/Build/Mac/Himotoki.framework; sourceTree = "<group>"; };
		57AF6EAE1C19D32B00406A25 /* OAuthSwift.framework */ = {isa = PBXFileReference; lastKnownFileType = wrapper.framework; name = OAuthSwift.framework; path = ../Carthage/Build/Mac/OAuthSwift.framework; sourceTree = "<group>"; };
		57AF6EAF1C19D32B00406A25 /* Result.framework */ = {isa = PBXFileReference; lastKnownFileType = wrapper.framework; name = Result.framework; path = ../Carthage/Build/Mac/Result.framework; sourceTree = "<group>"; };
		57AF6EBB1C19D3AA00406A25 /* APIKit.framework.dSYM */ = {isa = PBXFileReference; lastKnownFileType = wrapper.dsym; name = APIKit.framework.dSYM; path = ../Carthage/Build/Mac/APIKit.framework.dSYM; sourceTree = "<group>"; };
		57AF6EBC1C19D3AA00406A25 /* Himotoki.framework.dSYM */ = {isa = PBXFileReference; lastKnownFileType = wrapper.dsym; name = Himotoki.framework.dSYM; path = ../Carthage/Build/Mac/Himotoki.framework.dSYM; sourceTree = "<group>"; };
		57AF6EBD1C19D3AA00406A25 /* OAuthSwift.framework.dSYM */ = {isa = PBXFileReference; lastKnownFileType = wrapper.dsym; name = OAuthSwift.framework.dSYM; path = ../Carthage/Build/Mac/OAuthSwift.framework.dSYM; sourceTree = "<group>"; };
		57AF6EBE1C19D3AA00406A25 /* Result.framework.dSYM */ = {isa = PBXFileReference; lastKnownFileType = wrapper.dsym; name = Result.framework.dSYM; path = ../Carthage/Build/Mac/Result.framework.dSYM; sourceTree = "<group>"; };
		57C0FA0D1C251AAD00D8D522 /* TwitterAccount.swift */ = {isa = PBXFileReference; fileEncoding = 4; lastKnownFileType = sourcecode.swift; path = TwitterAccount.swift; sourceTree = "<group>"; };
		57C0FA0F1C251C2800D8D522 /* KeychainAccess.framework */ = {isa = PBXFileReference; lastKnownFileType = wrapper.framework; name = KeychainAccess.framework; path = ../Carthage/Build/Mac/KeychainAccess.framework; sourceTree = "<group>"; };
		57C0FA141C251C7500D8D522 /* KeychainAccess.framework.dSYM */ = {isa = PBXFileReference; lastKnownFileType = wrapper.dsym; name = KeychainAccess.framework.dSYM; path = ../Carthage/Build/Mac/KeychainAccess.framework.dSYM; sourceTree = "<group>"; };
		57C58F041C1F06B400840B56 /* GetUserTimeline.swift */ = {isa = PBXFileReference; fileEncoding = 4; lastKnownFileType = sourcecode.swift; name = GetUserTimeline.swift; path = API/GetUserTimeline.swift; sourceTree = "<group>"; };
		7FEB68A11C210F02005DF5F2 /* TwitterAuthViewController.swift */ = {isa = PBXFileReference; fileEncoding = 4; lastKnownFileType = sourcecode.swift; path = TwitterAuthViewController.swift; sourceTree = "<group>"; };
		7FEB68A31C211035005DF5F2 /* TwitterTokens.swift */ = {isa = PBXFileReference; fileEncoding = 4; lastKnownFileType = sourcecode.swift; path = TwitterTokens.swift; sourceTree = "<group>"; };
/* End PBXFileReference section */

/* Begin PBXFrameworksBuildPhase section */
		57AF6E971C19C12100406A25 /* Frameworks */ = {
			isa = PBXFrameworksBuildPhase;
			buildActionMask = 2147483647;
			files = (
				5778A5551C2546C70019FF99 /* Mustache.framework in Frameworks */,
				5778A5541C2546A40019FF99 /* Mustache.framework in Frameworks */,
				57AF6EB21C19D32B00406A25 /* Himotoki.framework in Frameworks */,
				57C0FA111C251C3D00D8D522 /* KeychainAccess.framework in Frameworks */,
				57AF6EB01C19D32B00406A25 /* APIKit.framework in Frameworks */,
				57AF6EB41C19D32B00406A25 /* OAuthSwift.framework in Frameworks */,
				57AF6EB61C19D32B00406A25 /* Result.framework in Frameworks */,
			);
			runOnlyForDeploymentPostprocessing = 0;
		};
/* End PBXFrameworksBuildPhase section */

/* Begin PBXGroup section */
		5778A5591C259C9B0019FF99 /* Template */ = {
			isa = PBXGroup;
			children = (
				5778A55A1C259D960019FF99 /* layout.mustache */,
				5778A55C1C259DA20019FF99 /* tweet.mustache */,
			);
			path = Template;
			sourceTree = "<group>";
		};
		5778A55E1C2662BE0019FF99 /* View */ = {
			isa = PBXGroup;
			children = (
				5778A5601C26634B0019FF99 /* Resource */,
				5778A5591C259C9B0019FF99 /* Template */,
			);
			path = View;
			sourceTree = "<group>";
		};
		5778A5601C26634B0019FF99 /* Resource */ = {
			isa = PBXGroup;
			children = (
				5778A5611C2664E10019FF99 /* bootstrap-3.3.6-dist */,
			);
			path = Resource;
			sourceTree = "<group>";
		};
		5778A5611C2664E10019FF99 /* bootstrap-3.3.6-dist */ = {
			isa = PBXGroup;
			children = (
				5778A5621C2664E10019FF99 /* css */,
				5778A5641C2664E10019FF99 /* fonts */,
				5778A56A1C2664E10019FF99 /* js */,
			);
			path = "bootstrap-3.3.6-dist";
			sourceTree = "<group>";
		};
		5778A5621C2664E10019FF99 /* css */ = {
			isa = PBXGroup;
			children = (
				5778A5631C2664E10019FF99 /* bootstrap.min.css */,
			);
			path = css;
			sourceTree = "<group>";
		};
		5778A5641C2664E10019FF99 /* fonts */ = {
			isa = PBXGroup;
			children = (
				5778A5651C2664E10019FF99 /* glyphicons-halflings-regular.eot */,
				5778A5661C2664E10019FF99 /* glyphicons-halflings-regular.svg */,
				5778A5671C2664E10019FF99 /* glyphicons-halflings-regular.ttf */,
				5778A5681C2664E10019FF99 /* glyphicons-halflings-regular.woff */,
				5778A5691C2664E10019FF99 /* glyphicons-halflings-regular.woff2 */,
			);
			path = fonts;
			sourceTree = "<group>";
		};
		5778A56A1C2664E10019FF99 /* js */ = {
			isa = PBXGroup;
			children = (
				5778A56B1C2664E10019FF99 /* bootstrap.min.js */,
			);
			path = js;
			sourceTree = "<group>";
		};
		5794F3911C1DB8C800C7AC4C /* Entity */ = {
			isa = PBXGroup;
			children = (
				5794F3931C1DB97100C7AC4C /* Tweet.swift */,
			);
			path = Entity;
			sourceTree = "<group>";
		};
		5794F3921C1DB8EE00C7AC4C /* Client */ = {
			isa = PBXGroup;
			children = (
				57C58F031C1F068D00840B56 /* API */,
				5794F3891C1D761D00C7AC4C /* TwitterAccountStore.swift */,
				57C0FA0D1C251AAD00D8D522 /* TwitterAccount.swift */,
				5794F3871C1D75A100C7AC4C /* Twitter.swift */,
				5794F38B1C1D905600C7AC4C /* TwitterRequest.swift */,
				7FEB68A31C211035005DF5F2 /* TwitterTokens.swift */,
			);
			path = Client;
			sourceTree = "<group>";
		};
		57AF6E911C19C12100406A25 = {
			isa = PBXGroup;
			children = (
				57AF6E9C1C19C12100406A25 /* Buri */,
				57AF6E9B1C19C12100406A25 /* Products */,
			);
			sourceTree = "<group>";
		};
		57AF6E9B1C19C12100406A25 /* Products */ = {
			isa = PBXGroup;
			children = (
				57AF6E9A1C19C12100406A25 /* Buri.app */,
			);
			name = Products;
			sourceTree = "<group>";
		};
		57AF6E9C1C19C12100406A25 /* Buri */ = {
			isa = PBXGroup;
			children = (
				5778A55E1C2662BE0019FF99 /* View */,
				7FEB68A01C210ED3005DF5F2 /* ViewController */,
				5794F3921C1DB8EE00C7AC4C /* Client */,
				5794F3911C1DB8C800C7AC4C /* Entity */,
				57AF6E9D1C19C12100406A25 /* AppDelegate.swift */,
				57AF6E9F1C19C12100406A25 /* ViewController.swift */,
				57AF6EA11C19C12100406A25 /* Assets.xcassets */,
				57AF6EA31C19C12100406A25 /* Main.storyboard */,
				57AF6EA61C19C12100406A25 /* Info.plist */,
				57AF6EB91C19D33900406A25 /* Frameworks */,
			);
			path = Buri;
			sourceTree = "<group>";
		};
		57AF6EB91C19D33900406A25 /* Frameworks */ = {
			isa = PBXGroup;
			children = (
				57AF6EC31C19D3B700406A25 /* dSYM */,
				5778A5531C2546A40019FF99 /* Mustache.framework */,
				57C0FA0F1C251C2800D8D522 /* KeychainAccess.framework */,
				57AF6EAC1C19D32B00406A25 /* APIKit.framework */,
				57AF6EAD1C19D32B00406A25 /* Himotoki.framework */,
				57AF6EAE1C19D32B00406A25 /* OAuthSwift.framework */,
				57AF6EAF1C19D32B00406A25 /* Result.framework */,
			);
			name = Frameworks;
			sourceTree = "<group>";
		};
		57AF6EC31C19D3B700406A25 /* dSYM */ = {
			isa = PBXGroup;
			children = (
				5778A5571C2546E70019FF99 /* Mustache.framework.dSYM */,
				57AF6EBB1C19D3AA00406A25 /* APIKit.framework.dSYM */,
				57AF6EBC1C19D3AA00406A25 /* Himotoki.framework.dSYM */,
				57AF6EBD1C19D3AA00406A25 /* OAuthSwift.framework.dSYM */,
				57AF6EBE1C19D3AA00406A25 /* Result.framework.dSYM */,
				57C0FA141C251C7500D8D522 /* KeychainAccess.framework.dSYM */,
			);
			name = dSYM;
			sourceTree = "<group>";
		};
		57C58F031C1F068D00840B56 /* API */ = {
			isa = PBXGroup;
			children = (
				5794F38D1C1D908A00C7AC4C /* GetHomeTimeline.swift */,
				57C58F041C1F06B400840B56 /* GetUserTimeline.swift */,
			);
			name = API;
			sourceTree = "<group>";
		};
		7FEB68A01C210ED3005DF5F2 /* ViewController */ = {
			isa = PBXGroup;
			children = (
				7FEB68A11C210F02005DF5F2 /* TwitterAuthViewController.swift */,
			);
			path = ViewController;
			sourceTree = "<group>";
		};
/* End PBXGroup section */

/* Begin PBXNativeTarget section */
		57AF6E991C19C12100406A25 /* Buri */ = {
			isa = PBXNativeTarget;
			buildConfigurationList = 57AF6EA91C19C12100406A25 /* Build configuration list for PBXNativeTarget "Buri" */;
			buildPhases = (
				57AF6E961C19C12100406A25 /* Sources */,
				57AF6E971C19C12100406A25 /* Frameworks */,
				57AF6E981C19C12100406A25 /* Resources */,
				57AF6EB81C19D32B00406A25 /* Embed Frameworks */,
				57AF6EBA1C19D37700406A25 /* CopyFiles */,
			);
			buildRules = (
			);
			dependencies = (
			);
			name = Buri;
			productName = Buri;
			productReference = 57AF6E9A1C19C12100406A25 /* Buri.app */;
			productType = "com.apple.product-type.application";
		};
/* End PBXNativeTarget section */

/* Begin PBXProject section */
		57AF6E921C19C12100406A25 /* Project object */ = {
			isa = PBXProject;
			attributes = {
				LastSwiftUpdateCheck = 0720;
				LastUpgradeCheck = 0720;
				ORGANIZATIONNAME = slightair;
				TargetAttributes = {
					57AF6E991C19C12100406A25 = {
						CreatedOnToolsVersion = 7.2;
					};
				};
			};
			buildConfigurationList = 57AF6E951C19C12100406A25 /* Build configuration list for PBXProject "Buri" */;
			compatibilityVersion = "Xcode 3.2";
			developmentRegion = English;
			hasScannedForEncodings = 0;
			knownRegions = (
				en,
				Base,
			);
			mainGroup = 57AF6E911C19C12100406A25;
			productRefGroup = 57AF6E9B1C19C12100406A25 /* Products */;
			projectDirPath = "";
			projectRoot = "";
			targets = (
				57AF6E991C19C12100406A25 /* Buri */,
			);
		};
/* End PBXProject section */

/* Begin PBXResourcesBuildPhase section */
		57AF6E981C19C12100406A25 /* Resources */ = {
			isa = PBXResourcesBuildPhase;
			buildActionMask = 2147483647;
			files = (
				5778A5711C2664E10019FF99 /* glyphicons-halflings-regular.woff2 in Resources */,
				5778A5721C2664E10019FF99 /* bootstrap.min.js in Resources */,
				5778A56F1C2664E10019FF99 /* glyphicons-halflings-regular.ttf in Resources */,
				5778A56C1C2664E10019FF99 /* bootstrap.min.css in Resources */,
				57AF6EA21C19C12100406A25 /* Assets.xcassets in Resources */,
				5778A5701C2664E10019FF99 /* glyphicons-halflings-regular.woff in Resources */,
				5778A56E1C2664E10019FF99 /* glyphicons-halflings-regular.svg in Resources */,
				5778A55B1C259D960019FF99 /* layout.mustache in Resources */,
				57AF6EA51C19C12100406A25 /* Main.storyboard in Resources */,
				5778A56D1C2664E10019FF99 /* glyphicons-halflings-regular.eot in Resources */,
				5778A55D1C259DA20019FF99 /* tweet.mustache in Resources */,
			);
			runOnlyForDeploymentPostprocessing = 0;
		};
/* End PBXResourcesBuildPhase section */

/* Begin PBXSourcesBuildPhase section */
		57AF6E961C19C12100406A25 /* Sources */ = {
			isa = PBXSourcesBuildPhase;
			buildActionMask = 2147483647;
			files = (
				57AF6EA01C19C12100406A25 /* ViewController.swift in Sources */,
				5794F38A1C1D761D00C7AC4C /* TwitterAccountStore.swift in Sources */,
				7FEB68A21C210F02005DF5F2 /* TwitterAuthViewController.swift in Sources */,
				5794F38C1C1D905600C7AC4C /* TwitterRequest.swift in Sources */,
				5794F3941C1DB97100C7AC4C /* Tweet.swift in Sources */,
				5794F3881C1D75A100C7AC4C /* Twitter.swift in Sources */,
				57C0FA0E1C251AAD00D8D522 /* TwitterAccount.swift in Sources */,
				5794F38E1C1D908A00C7AC4C /* GetHomeTimeline.swift in Sources */,
				57AF6E9E1C19C12100406A25 /* AppDelegate.swift in Sources */,
				57C58F051C1F06B400840B56 /* GetUserTimeline.swift in Sources */,
				7FEB68A41C211035005DF5F2 /* TwitterTokens.swift in Sources */,
			);
			runOnlyForDeploymentPostprocessing = 0;
		};
/* End PBXSourcesBuildPhase section */

/* Begin PBXVariantGroup section */
		57AF6EA31C19C12100406A25 /* Main.storyboard */ = {
			isa = PBXVariantGroup;
			children = (
				57AF6EA41C19C12100406A25 /* Base */,
			);
			name = Main.storyboard;
			sourceTree = "<group>";
		};
/* End PBXVariantGroup section */

/* Begin XCBuildConfiguration section */
		57AF6EA71C19C12100406A25 /* Debug */ = {
			isa = XCBuildConfiguration;
			buildSettings = {
				ALWAYS_SEARCH_USER_PATHS = NO;
				CLANG_CXX_LANGUAGE_STANDARD = "gnu++0x";
				CLANG_CXX_LIBRARY = "libc++";
				CLANG_ENABLE_MODULES = YES;
				CLANG_ENABLE_OBJC_ARC = YES;
				CLANG_WARN_BOOL_CONVERSION = YES;
				CLANG_WARN_CONSTANT_CONVERSION = YES;
				CLANG_WARN_DIRECT_OBJC_ISA_USAGE = YES_ERROR;
				CLANG_WARN_EMPTY_BODY = YES;
				CLANG_WARN_ENUM_CONVERSION = YES;
				CLANG_WARN_INT_CONVERSION = YES;
				CLANG_WARN_OBJC_ROOT_CLASS = YES_ERROR;
				CLANG_WARN_UNREACHABLE_CODE = YES;
				CLANG_WARN__DUPLICATE_METHOD_MATCH = YES;
				CODE_SIGN_IDENTITY = "-";
				COPY_PHASE_STRIP = NO;
				DEBUG_INFORMATION_FORMAT = dwarf;
				ENABLE_STRICT_OBJC_MSGSEND = YES;
				ENABLE_TESTABILITY = YES;
				GCC_C_LANGUAGE_STANDARD = gnu99;
				GCC_DYNAMIC_NO_PIC = NO;
				GCC_NO_COMMON_BLOCKS = YES;
				GCC_OPTIMIZATION_LEVEL = 0;
				GCC_PREPROCESSOR_DEFINITIONS = (
					"DEBUG=1",
					"$(inherited)",
				);
				GCC_WARN_64_TO_32_BIT_CONVERSION = YES;
				GCC_WARN_ABOUT_RETURN_TYPE = YES_ERROR;
				GCC_WARN_UNDECLARED_SELECTOR = YES;
				GCC_WARN_UNINITIALIZED_AUTOS = YES_AGGRESSIVE;
				GCC_WARN_UNUSED_FUNCTION = YES;
				GCC_WARN_UNUSED_VARIABLE = YES;
				MACOSX_DEPLOYMENT_TARGET = 10.10;
				MTL_ENABLE_DEBUG_INFO = YES;
				ONLY_ACTIVE_ARCH = YES;
				SDKROOT = macosx;
				SWIFT_OPTIMIZATION_LEVEL = "-Onone";
			};
			name = Debug;
		};
		57AF6EA81C19C12100406A25 /* Release */ = {
			isa = XCBuildConfiguration;
			buildSettings = {
				ALWAYS_SEARCH_USER_PATHS = NO;
				CLANG_CXX_LANGUAGE_STANDARD = "gnu++0x";
				CLANG_CXX_LIBRARY = "libc++";
				CLANG_ENABLE_MODULES = YES;
				CLANG_ENABLE_OBJC_ARC = YES;
				CLANG_WARN_BOOL_CONVERSION = YES;
				CLANG_WARN_CONSTANT_CONVERSION = YES;
				CLANG_WARN_DIRECT_OBJC_ISA_USAGE = YES_ERROR;
				CLANG_WARN_EMPTY_BODY = YES;
				CLANG_WARN_ENUM_CONVERSION = YES;
				CLANG_WARN_INT_CONVERSION = YES;
				CLANG_WARN_OBJC_ROOT_CLASS = YES_ERROR;
				CLANG_WARN_UNREACHABLE_CODE = YES;
				CLANG_WARN__DUPLICATE_METHOD_MATCH = YES;
				CODE_SIGN_IDENTITY = "-";
				COPY_PHASE_STRIP = NO;
				DEBUG_INFORMATION_FORMAT = "dwarf-with-dsym";
				ENABLE_NS_ASSERTIONS = NO;
				ENABLE_STRICT_OBJC_MSGSEND = YES;
				GCC_C_LANGUAGE_STANDARD = gnu99;
				GCC_NO_COMMON_BLOCKS = YES;
				GCC_WARN_64_TO_32_BIT_CONVERSION = YES;
				GCC_WARN_ABOUT_RETURN_TYPE = YES_ERROR;
				GCC_WARN_UNDECLARED_SELECTOR = YES;
				GCC_WARN_UNINITIALIZED_AUTOS = YES_AGGRESSIVE;
				GCC_WARN_UNUSED_FUNCTION = YES;
				GCC_WARN_UNUSED_VARIABLE = YES;
				MACOSX_DEPLOYMENT_TARGET = 10.10;
				MTL_ENABLE_DEBUG_INFO = NO;
				SDKROOT = macosx;
			};
			name = Release;
		};
		57AF6EAA1C19C12100406A25 /* Debug */ = {
			isa = XCBuildConfiguration;
			buildSettings = {
				ASSETCATALOG_COMPILER_APPICON_NAME = AppIcon;
				COMBINE_HIDPI_IMAGES = YES;
				FRAMEWORK_SEARCH_PATHS = (
					"$(inherited)",
					"$(PROJECT_DIR)/Carthage/Build/Mac",
				);
				INFOPLIST_FILE = Buri/Info.plist;
				LD_RUNPATH_SEARCH_PATHS = "$(inherited) @executable_path/../Frameworks";
				PRODUCT_BUNDLE_IDENTIFIER = cc.clv.osx.Buri;
				PRODUCT_NAME = "$(TARGET_NAME)";
			};
			name = Debug;
		};
		57AF6EAB1C19C12100406A25 /* Release */ = {
			isa = XCBuildConfiguration;
			buildSettings = {
				ASSETCATALOG_COMPILER_APPICON_NAME = AppIcon;
				COMBINE_HIDPI_IMAGES = YES;
				FRAMEWORK_SEARCH_PATHS = (
					"$(inherited)",
					"$(PROJECT_DIR)/Carthage/Build/Mac",
				);
				INFOPLIST_FILE = Buri/Info.plist;
				LD_RUNPATH_SEARCH_PATHS = "$(inherited) @executable_path/../Frameworks";
				PRODUCT_BUNDLE_IDENTIFIER = cc.clv.osx.Buri;
				PRODUCT_NAME = "$(TARGET_NAME)";
			};
			name = Release;
		};
/* End XCBuildConfiguration section */

/* Begin XCConfigurationList section */
		57AF6E951C19C12100406A25 /* Build configuration list for PBXProject "Buri" */ = {
			isa = XCConfigurationList;
			buildConfigurations = (
				57AF6EA71C19C12100406A25 /* Debug */,
				57AF6EA81C19C12100406A25 /* Release */,
			);
			defaultConfigurationIsVisible = 0;
			defaultConfigurationName = Release;
		};
		57AF6EA91C19C12100406A25 /* Build configuration list for PBXNativeTarget "Buri" */ = {
			isa = XCConfigurationList;
			buildConfigurations = (
				57AF6EAA1C19C12100406A25 /* Debug */,
				57AF6EAB1C19C12100406A25 /* Release */,
			);
			defaultConfigurationIsVisible = 0;
			defaultConfigurationName = Release;
		};
/* End XCConfigurationList section */
	};
	rootObject = 57AF6E921C19C12100406A25 /* Project object */;
}
